{
  "version": 4,
  "terraform_version": "0.13.4",
  "serial": 3,
  "lineage": "13114fd0-9e5c-0d7e-5c0b-2c63b9fc1d61",
  "outputs": {},
  "resources": [
    {
      "mode": "managed",
      "type": "aws_s3_bucket",
      "name": "ashishbucket",
      "provider": "provider[\"registry.terraform.io/hashicorp/aws\"]",
      "instances": [
        {
          "schema_version": 0,
          "attributes": {
            "acceleration_status": "",
            "acl": "private",
            "arn": "arn:aws:s3:::ashishawsknewltf",
            "bucket": "ashishawsknewltf",
            "bucket_domain_name": "ashishawsknewltf.s3.amazonaws.com",
            "bucket_prefix": null,
            "bucket_regional_domain_name": "ashishawsknewltf.s3.us-east-2.amazonaws.com",
            "cors_rule": [],
            "force_destroy": false,
            "grant": [],
            "hosted_zone_id": "Z2O1EMRO9K5GLX",
            "id": "ashishawsknewltf",
            "lifecycle_rule": [],
            "logging": [],
            "object_lock_configuration": [],
            "policy": null,
            "region": "us-east-2",
            "replication_configuration": [],
            "request_payer": "BucketOwner",
            "server_side_encryption_configuration": [],
            "tags": {
              "CreatedBy": "Terraform",
              "Environment": "Dev",
              "Name": "ashishawskltf"
            },
            "versioning": [
              {
                "enabled": false,
                "mfa_delete": false
              }
            ],
            "website": [],
            "website_domain": null,
            "website_endpoint": null
          },
          "private": "bnVsbA=="
        }
      ]
    }
  ]
}
